// !$*UTF8*$!
{
	archiveVersion = 1;
	classes = {
	};
	objectVersion = 46;
	objects = {

/* Begin PBXBuildFile section */
		2A144F7D1B9DD9C200E5DC33 /* GoogleMobileAds.framework in Frameworks */ = {isa = PBXBuildFile; fileRef = 2A144F7C1B9DD9C200E5DC33 /* GoogleMobileAds.framework */; };
		2A144F7F1B9DD9FF00E5DC33 /* AdSupport.framework in Frameworks */ = {isa = PBXBuildFile; fileRef = 2A144F7E1B9DD9FF00E5DC33 /* AdSupport.framework */; };
		2A144F811B9DDA0A00E5DC33 /* AudioToolbox.framework in Frameworks */ = {isa = PBXBuildFile; fileRef = 2A144F801B9DDA0A00E5DC33 /* AudioToolbox.framework */; };
		2A144F831B9DDA1700E5DC33 /* AVFoundation.framework in Frameworks */ = {isa = PBXBuildFile; fileRef = 2A144F821B9DDA1700E5DC33 /* AVFoundation.framework */; };
		2A144F851B9DDA2300E5DC33 /* CoreGraphics.framework in Frameworks */ = {isa = PBXBuildFile; fileRef = 2A144F841B9DDA2300E5DC33 /* CoreGraphics.framework */; };
		2A144F871B9DDA3100E5DC33 /* CoreTelephony.framework in Frameworks */ = {isa = PBXBuildFile; fileRef = 2A144F861B9DDA3100E5DC33 /* CoreTelephony.framework */; };
		2A144F891B9DDA3E00E5DC33 /* EventKit.framework in Frameworks */ = {isa = PBXBuildFile; fileRef = 2A144F881B9DDA3E00E5DC33 /* EventKit.framework */; };
		2A144F8B1B9DDA4800E5DC33 /* EventKitUI.framework in Frameworks */ = {isa = PBXBuildFile; fileRef = 2A144F8A1B9DDA4800E5DC33 /* EventKitUI.framework */; };
		2A144F8D1B9DDA5200E5DC33 /* MessageUI.framework in Frameworks */ = {isa = PBXBuildFile; fileRef = 2A144F8C1B9DDA5200E5DC33 /* MessageUI.framework */; };
		2A144F8F1B9DDA6000E5DC33 /* StoreKit.framework in Frameworks */ = {isa = PBXBuildFile; fileRef = 2A144F8E1B9DDA6000E5DC33 /* StoreKit.framework */; };
		2A144F911B9DDA6B00E5DC33 /* SystemConfiguration.framework in Frameworks */ = {isa = PBXBuildFile; fileRef = 2A144F901B9DDA6B00E5DC33 /* SystemConfiguration.framework */; };
		2A168A761BAC626A0069AA04 /* Localizable.strings in Resources */ = {isa = PBXBuildFile; fileRef = 2A168A781BAC626A0069AA04 /* Localizable.strings */; };
		2A168A7E1BAC64140069AA04 /* InfoPlist.strings in Resources */ = {isa = PBXBuildFile; fileRef = 2A168A801BAC64140069AA04 /* InfoPlist.strings */; };
		2A32C76E1B0E1C6A004EFE7F /* AppDelegate.swift in Sources */ = {isa = PBXBuildFile; fileRef = 2A32C76D1B0E1C6A004EFE7F /* AppDelegate.swift */; };
		2A32C7731B0E1C6A004EFE7F /* Main.storyboard in Resources */ = {isa = PBXBuildFile; fileRef = 2A32C7711B0E1C6A004EFE7F /* Main.storyboard */; };
		2A32C7751B0E1C6A004EFE7F /* Images.xcassets in Resources */ = {isa = PBXBuildFile; fileRef = 2A32C7741B0E1C6A004EFE7F /* Images.xcassets */; };
		2A32C7781B0E1C6A004EFE7F /* LaunchScreen.xib in Resources */ = {isa = PBXBuildFile; fileRef = 2A32C7761B0E1C6A004EFE7F /* LaunchScreen.xib */; };
		2A32C7841B0E1C6A004EFE7F /* archiveTextTests.swift in Sources */ = {isa = PBXBuildFile; fileRef = 2A32C7831B0E1C6A004EFE7F /* archiveTextTests.swift */; };
		2A32C7951B0EDDF3004EFE7F /* ViewController3.swift in Sources */ = {isa = PBXBuildFile; fileRef = 2A32C7941B0EDDF3004EFE7F /* ViewController3.swift */; };
		2A53FCAC1B51E8A40004DCCA /* 設計：UI in Resources */ = {isa = PBXBuildFile; fileRef = 2A53FCAB1B51E8A40004DCCA /* 設計：UI */; };
		2A6683241B23355100FFCC8A /* ViewController7.swift in Sources */ = {isa = PBXBuildFile; fileRef = 2A6683231B23355100FFCC8A /* ViewController7.swift */; };
		2A909FB61B1B2974009D0EE3 /* 設計：新規登録画面について in Resources */ = {isa = PBXBuildFile; fileRef = 2A909FB51B1B2974009D0EE3 /* 設計：新規登録画面について */; };
		2AD7E0B31B11B3F7001CD83E /* GlobalData.swift in Sources */ = {isa = PBXBuildFile; fileRef = 2AD7E0B21B11B3F7001CD83E /* GlobalData.swift */; };
		2AE6369D1B1945DC00E2AAC1 /* 設計 in Resources */ = {isa = PBXBuildFile; fileRef = 2AE6369C1B1945DC00E2AAC1 /* 設計 */; };
		2AE660911B0F732700CECBF9 /* ViewController5.swift in Sources */ = {isa = PBXBuildFile; fileRef = 2AE660901B0F732700CECBF9 /* ViewController5.swift */; };
		2AE660931B10AEE800CECBF9 /* ViewController6.swift in Sources */ = {isa = PBXBuildFile; fileRef = 2AE660921B10AEE800CECBF9 /* ViewController6.swift */; };
		2AE660951B10C28400CECBF9 /* memo in Resources */ = {isa = PBXBuildFile; fileRef = 2AE660941B10C28400CECBF9 /* memo */; };
/* End PBXBuildFile section */

/* Begin PBXContainerItemProxy section */
		2A32C77E1B0E1C6A004EFE7F /* PBXContainerItemProxy */ = {
			isa = PBXContainerItemProxy;
			containerPortal = 2A32C7601B0E1C6A004EFE7F /* Project object */;
			proxyType = 1;
			remoteGlobalIDString = 2A32C7671B0E1C6A004EFE7F;
			remoteInfo = archiveText;
		};
/* End PBXContainerItemProxy section */

/* Begin PBXFileReference section */
		2A144F7C1B9DD9C200E5DC33 /* GoogleMobileAds.framework */ = {isa = PBXFileReference; lastKnownFileType = wrapper.framework; name = GoogleMobileAds.framework; path = SDKs/GoogleMobileAds.framework; sourceTree = "<group>"; };
		2A144F7E1B9DD9FF00E5DC33 /* AdSupport.framework */ = {isa = PBXFileReference; lastKnownFileType = wrapper.framework; name = AdSupport.framework; path = System/Library/Frameworks/AdSupport.framework; sourceTree = SDKROOT; };
		2A144F801B9DDA0A00E5DC33 /* AudioToolbox.framework */ = {isa = PBXFileReference; lastKnownFileType = wrapper.framework; name = AudioToolbox.framework; path = System/Library/Frameworks/AudioToolbox.framework; sourceTree = SDKROOT; };
		2A144F821B9DDA1700E5DC33 /* AVFoundation.framework */ = {isa = PBXFileReference; lastKnownFileType = wrapper.framework; name = AVFoundation.framework; path = System/Library/Frameworks/AVFoundation.framework; sourceTree = SDKROOT; };
		2A144F841B9DDA2300E5DC33 /* CoreGraphics.framework */ = {isa = PBXFileReference; lastKnownFileType = wrapper.framework; name = CoreGraphics.framework; path = System/Library/Frameworks/CoreGraphics.framework; sourceTree = SDKROOT; };
		2A144F861B9DDA3100E5DC33 /* CoreTelephony.framework */ = {isa = PBXFileReference; lastKnownFileType = wrapper.framework; name = CoreTelephony.framework; path = System/Library/Frameworks/CoreTelephony.framework; sourceTree = SDKROOT; };
		2A144F881B9DDA3E00E5DC33 /* EventKit.framework */ = {isa = PBXFileReference; lastKnownFileType = wrapper.framework; name = EventKit.framework; path = System/Library/Frameworks/EventKit.framework; sourceTree = SDKROOT; };
		2A144F8A1B9DDA4800E5DC33 /* EventKitUI.framework */ = {isa = PBXFileReference; lastKnownFileType = wrapper.framework; name = EventKitUI.framework; path = System/Library/Frameworks/EventKitUI.framework; sourceTree = SDKROOT; };
		2A144F8C1B9DDA5200E5DC33 /* MessageUI.framework */ = {isa = PBXFileReference; lastKnownFileType = wrapper.framework; name = MessageUI.framework; path = System/Library/Frameworks/MessageUI.framework; sourceTree = SDKROOT; };
		2A144F8E1B9DDA6000E5DC33 /* StoreKit.framework */ = {isa = PBXFileReference; lastKnownFileType = wrapper.framework; name = StoreKit.framework; path = System/Library/Frameworks/StoreKit.framework; sourceTree = SDKROOT; };
		2A144F901B9DDA6B00E5DC33 /* SystemConfiguration.framework */ = {isa = PBXFileReference; lastKnownFileType = wrapper.framework; name = SystemConfiguration.framework; path = System/Library/Frameworks/SystemConfiguration.framework; sourceTree = SDKROOT; };
		2A168A771BAC626A0069AA04 /* Base */ = {isa = PBXFileReference; lastKnownFileType = text.plist.strings; name = Base; path = Base.lproj/Localizable.strings; sourceTree = "<group>"; };
		2A168A791BAC628D0069AA04 /* ja */ = {isa = PBXFileReference; lastKnownFileType = text.plist.strings; name = ja; path = ja.lproj/Main.strings; sourceTree = "<group>"; };
		2A168A7A1BAC628D0069AA04 /* ja */ = {isa = PBXFileReference; lastKnownFileType = text.plist.strings; name = ja; path = ja.lproj/LaunchScreen.strings; sourceTree = "<group>"; };
		2A168A7B1BAC628D0069AA04 /* ja */ = {isa = PBXFileReference; lastKnownFileType = text.plist.strings; name = ja; path = ja.lproj/Localizable.strings; sourceTree = "<group>"; };
		2A168A7F1BAC64140069AA04 /* ja */ = {isa = PBXFileReference; lastKnownFileType = text.plist.strings; name = ja; path = ja.lproj/InfoPlist.strings; sourceTree = "<group>"; };
		2A32C7681B0E1C6A004EFE7F /* archiveText.app */ = {isa = PBXFileReference; explicitFileType = wrapper.application; includeInIndex = 0; path = archiveText.app; sourceTree = BUILT_PRODUCTS_DIR; };
		2A32C76C1B0E1C6A004EFE7F /* Info.plist */ = {isa = PBXFileReference; lastKnownFileType = text.plist.xml; path = Info.plist; sourceTree = "<group>"; };
		2A32C76D1B0E1C6A004EFE7F /* AppDelegate.swift */ = {isa = PBXFileReference; lastKnownFileType = sourcecode.swift; path = AppDelegate.swift; sourceTree = "<group>"; };
		2A32C7721B0E1C6A004EFE7F /* Base */ = {isa = PBXFileReference; lastKnownFileType = file.storyboard; name = Base; path = Base.lproj/Main.storyboard; sourceTree = "<group>"; };
		2A32C7741B0E1C6A004EFE7F /* Images.xcassets */ = {isa = PBXFileReference; lastKnownFileType = folder.assetcatalog; path = Images.xcassets; sourceTree = "<group>"; };
		2A32C7771B0E1C6A004EFE7F /* Base */ = {isa = PBXFileReference; lastKnownFileType = file.xib; name = Base; path = Base.lproj/LaunchScreen.xib; sourceTree = "<group>"; };
		2A32C77D1B0E1C6A004EFE7F /* archiveTextTests.xctest */ = {isa = PBXFileReference; explicitFileType = wrapper.cfbundle; includeInIndex = 0; path = archiveTextTests.xctest; sourceTree = BUILT_PRODUCTS_DIR; };
		2A32C7821B0E1C6A004EFE7F /* Info.plist */ = {isa = PBXFileReference; lastKnownFileType = text.plist.xml; path = Info.plist; sourceTree = "<group>"; };
		2A32C7831B0E1C6A004EFE7F /* archiveTextTests.swift */ = {isa = PBXFileReference; lastKnownFileType = sourcecode.swift; path = archiveTextTests.swift; sourceTree = "<group>"; };
		2A32C7941B0EDDF3004EFE7F /* ViewController3.swift */ = {isa = PBXFileReference; fileEncoding = 4; lastKnownFileType = sourcecode.swift; path = ViewController3.swift; sourceTree = "<group>"; };
		2A53FCAB1B51E8A40004DCCA /* 設計：UI */ = {isa = PBXFileReference; fileEncoding = 4; lastKnownFileType = text; path = "設計：UI"; sourceTree = "<group>"; };
		2A6683231B23355100FFCC8A /* ViewController7.swift */ = {isa = PBXFileReference; fileEncoding = 4; lastKnownFileType = sourcecode.swift; path = ViewController7.swift; sourceTree = "<group>"; };
		2A909FB51B1B2974009D0EE3 /* 設計：新規登録画面について */ = {isa = PBXFileReference; fileEncoding = 4; lastKnownFileType = text; path = "設計：新規登録画面について"; sourceTree = "<group>"; };
		2AD7E0B21B11B3F7001CD83E /* GlobalData.swift */ = {isa = PBXFileReference; fileEncoding = 4; lastKnownFileType = sourcecode.swift; path = GlobalData.swift; sourceTree = "<group>"; };
		2AE6369C1B1945DC00E2AAC1 /* 設計 */ = {isa = PBXFileReference; fileEncoding = 4; lastKnownFileType = text; path = "設計"; sourceTree = "<group>"; };
		2AE660901B0F732700CECBF9 /* ViewController5.swift */ = {isa = PBXFileReference; fileEncoding = 4; lastKnownFileType = sourcecode.swift; path = ViewController5.swift; sourceTree = "<group>"; };
		2AE660921B10AEE800CECBF9 /* ViewController6.swift */ = {isa = PBXFileReference; fileEncoding = 4; lastKnownFileType = sourcecode.swift; path = ViewController6.swift; sourceTree = "<group>"; };
		2AE660941B10C28400CECBF9 /* memo */ = {isa = PBXFileReference; fileEncoding = 4; lastKnownFileType = text; path = memo; sourceTree = "<group>"; };
/* End PBXFileReference section */

/* Begin PBXFrameworksBuildPhase section */
		2A32C7651B0E1C6A004EFE7F /* Frameworks */ = {
			isa = PBXFrameworksBuildPhase;
			buildActionMask = 2147483647;
			files = (
				2A144F911B9DDA6B00E5DC33 /* SystemConfiguration.framework in Frameworks */,
				2A144F8F1B9DDA6000E5DC33 /* StoreKit.framework in Frameworks */,
				2A144F8D1B9DDA5200E5DC33 /* MessageUI.framework in Frameworks */,
				2A144F8B1B9DDA4800E5DC33 /* EventKitUI.framework in Frameworks */,
				2A144F891B9DDA3E00E5DC33 /* EventKit.framework in Frameworks */,
				2A144F871B9DDA3100E5DC33 /* CoreTelephony.framework in Frameworks */,
				2A144F851B9DDA2300E5DC33 /* CoreGraphics.framework in Frameworks */,
				2A144F831B9DDA1700E5DC33 /* AVFoundation.framework in Frameworks */,
				2A144F811B9DDA0A00E5DC33 /* AudioToolbox.framework in Frameworks */,
				2A144F7F1B9DD9FF00E5DC33 /* AdSupport.framework in Frameworks */,
				2A144F7D1B9DD9C200E5DC33 /* GoogleMobileAds.framework in Frameworks */,
			);
			runOnlyForDeploymentPostprocessing = 0;
		};
		2A32C77A1B0E1C6A004EFE7F /* Frameworks */ = {
			isa = PBXFrameworksBuildPhase;
			buildActionMask = 2147483647;
			files = (
			);
			runOnlyForDeploymentPostprocessing = 0;
		};
/* End PBXFrameworksBuildPhase section */

/* Begin PBXGroup section */
		2A32C75F1B0E1C6A004EFE7F = {
			isa = PBXGroup;
			children = (
				2A168A781BAC626A0069AA04 /* Localizable.strings */,
				2A144F901B9DDA6B00E5DC33 /* SystemConfiguration.framework */,
				2A144F8E1B9DDA6000E5DC33 /* StoreKit.framework */,
				2A144F8C1B9DDA5200E5DC33 /* MessageUI.framework */,
				2A144F8A1B9DDA4800E5DC33 /* EventKitUI.framework */,
				2A144F881B9DDA3E00E5DC33 /* EventKit.framework */,
				2A144F861B9DDA3100E5DC33 /* CoreTelephony.framework */,
				2A144F841B9DDA2300E5DC33 /* CoreGraphics.framework */,
				2A144F821B9DDA1700E5DC33 /* AVFoundation.framework */,
				2A144F801B9DDA0A00E5DC33 /* AudioToolbox.framework */,
				2A144F7E1B9DD9FF00E5DC33 /* AdSupport.framework */,
				2A144F7C1B9DD9C200E5DC33 /* GoogleMobileAds.framework */,
				2A32C76A1B0E1C6A004EFE7F /* archiveText */,
				2A32C7801B0E1C6A004EFE7F /* archiveTextTests */,
				2A32C7691B0E1C6A004EFE7F /* Products */,
			);
			sourceTree = "<group>";
		};
		2A32C7691B0E1C6A004EFE7F /* Products */ = {
			isa = PBXGroup;
			children = (
				2A32C7681B0E1C6A004EFE7F /* archiveText.app */,
				2A32C77D1B0E1C6A004EFE7F /* archiveTextTests.xctest */,
			);
			name = Products;
			sourceTree = "<group>";
		};
		2A32C76A1B0E1C6A004EFE7F /* archiveText */ = {
			isa = PBXGroup;
			children = (
				2A32C76D1B0E1C6A004EFE7F /* AppDelegate.swift */,
				2AD7E0B21B11B3F7001CD83E /* GlobalData.swift */,
				2A32C7941B0EDDF3004EFE7F /* ViewController3.swift */,
				2AE660901B0F732700CECBF9 /* ViewController5.swift */,
				2AE660921B10AEE800CECBF9 /* ViewController6.swift */,
				2A6683231B23355100FFCC8A /* ViewController7.swift */,
				2A32C7711B0E1C6A004EFE7F /* Main.storyboard */,
				2A32C7741B0E1C6A004EFE7F /* Images.xcassets */,
				2A32C7761B0E1C6A004EFE7F /* LaunchScreen.xib */,
				2A32C76B1B0E1C6A004EFE7F /* Supporting Files */,
				2AE660941B10C28400CECBF9 /* memo */,
				2AE6369C1B1945DC00E2AAC1 /* 設計 */,
				2A909FB51B1B2974009D0EE3 /* 設計：新規登録画面について */,
				2A53FCAB1B51E8A40004DCCA /* 設計：UI */,
			);
			path = archiveText;
			sourceTree = "<group>";
		};
		2A32C76B1B0E1C6A004EFE7F /* Supporting Files */ = {
			isa = PBXGroup;
			children = (
				2A32C76C1B0E1C6A004EFE7F /* Info.plist */,
				2A168A801BAC64140069AA04 /* InfoPlist.strings */,
			);
			name = "Supporting Files";
			sourceTree = "<group>";
		};
		2A32C7801B0E1C6A004EFE7F /* archiveTextTests */ = {
			isa = PBXGroup;
			children = (
				2A32C7831B0E1C6A004EFE7F /* archiveTextTests.swift */,
				2A32C7811B0E1C6A004EFE7F /* Supporting Files */,
			);
			path = archiveTextTests;
			sourceTree = "<group>";
		};
		2A32C7811B0E1C6A004EFE7F /* Supporting Files */ = {
			isa = PBXGroup;
			children = (
				2A32C7821B0E1C6A004EFE7F /* Info.plist */,
			);
			name = "Supporting Files";
			sourceTree = "<group>";
		};
/* End PBXGroup section */

/* Begin PBXNativeTarget section */
		2A32C7671B0E1C6A004EFE7F /* archiveText */ = {
			isa = PBXNativeTarget;
			buildConfigurationList = 2A32C7871B0E1C6A004EFE7F /* Build configuration list for PBXNativeTarget "archiveText" */;
			buildPhases = (
				2A32C7641B0E1C6A004EFE7F /* Sources */,
				2A32C7651B0E1C6A004EFE7F /* Frameworks */,
				2A32C7661B0E1C6A004EFE7F /* Resources */,
			);
			buildRules = (
			);
			dependencies = (
			);
			name = archiveText;
			productName = archiveText;
			productReference = 2A32C7681B0E1C6A004EFE7F /* archiveText.app */;
			productType = "com.apple.product-type.application";
		};
		2A32C77C1B0E1C6A004EFE7F /* archiveTextTests */ = {
			isa = PBXNativeTarget;
			buildConfigurationList = 2A32C78A1B0E1C6A004EFE7F /* Build configuration list for PBXNativeTarget "archiveTextTests" */;
			buildPhases = (
				2A32C7791B0E1C6A004EFE7F /* Sources */,
				2A32C77A1B0E1C6A004EFE7F /* Frameworks */,
				2A32C77B1B0E1C6A004EFE7F /* Resources */,
			);
			buildRules = (
			);
			dependencies = (
				2A32C77F1B0E1C6A004EFE7F /* PBXTargetDependency */,
			);
			name = archiveTextTests;
			productName = archiveTextTests;
			productReference = 2A32C77D1B0E1C6A004EFE7F /* archiveTextTests.xctest */;
			productType = "com.apple.product-type.bundle.unit-test";
		};
/* End PBXNativeTarget section */

/* Begin PBXProject section */
		2A32C7601B0E1C6A004EFE7F /* Project object */ = {
			isa = PBXProject;
			attributes = {
				LastSwiftMigration = 0700;
				LastSwiftUpdateCheck = 0700;
				LastUpgradeCheck = 0700;
				ORGANIZATIONNAME = R.Kurachi;
				TargetAttributes = {
					2A32C7671B0E1C6A004EFE7F = {
						CreatedOnToolsVersion = 6.3.1;
						DevelopmentTeam = 7H3WV46MCH;
					};
					2A32C77C1B0E1C6A004EFE7F = {
						CreatedOnToolsVersion = 6.3.1;
						DevelopmentTeam = 8ET9NJNA85;
						TestTargetID = 2A32C7671B0E1C6A004EFE7F;
					};
				};
			};
			buildConfigurationList = 2A32C7631B0E1C6A004EFE7F /* Build configuration list for PBXProject "archiveText" */;
			compatibilityVersion = "Xcode 3.2";
			developmentRegion = English;
			hasScannedForEncodings = 0;
			knownRegions = (
				en,
				Base,
				ja,
			);
			mainGroup = 2A32C75F1B0E1C6A004EFE7F;
			productRefGroup = 2A32C7691B0E1C6A004EFE7F /* Products */;
			projectDirPath = "";
			projectRoot = "";
			targets = (
				2A32C7671B0E1C6A004EFE7F /* archiveText */,
				2A32C77C1B0E1C6A004EFE7F /* archiveTextTests */,
			);
		};
/* End PBXProject section */

/* Begin PBXResourcesBuildPhase section */
		2A32C7661B0E1C6A004EFE7F /* Resources */ = {
			isa = PBXResourcesBuildPhase;
			buildActionMask = 2147483647;
			files = (
				2A909FB61B1B2974009D0EE3 /* 設計：新規登録画面について in Resources */,
				2AE6369D1B1945DC00E2AAC1 /* 設計 in Resources */,
				2A32C7731B0E1C6A004EFE7F /* Main.storyboard in Resources */,
				2A32C7781B0E1C6A004EFE7F /* LaunchScreen.xib in Resources */,
				2AE660951B10C28400CECBF9 /* memo in Resources */,
				2A168A761BAC626A0069AA04 /* Localizable.strings in Resources */,
				2A53FCAC1B51E8A40004DCCA /* 設計：UI in Resources */,
				2A168A7E1BAC64140069AA04 /* InfoPlist.strings in Resources */,
				2A32C7751B0E1C6A004EFE7F /* Images.xcassets in Resources */,
			);
			runOnlyForDeploymentPostprocessing = 0;
		};
		2A32C77B1B0E1C6A004EFE7F /* Resources */ = {
			isa = PBXResourcesBuildPhase;
			buildActionMask = 2147483647;
			files = (
			);
			runOnlyForDeploymentPostprocessing = 0;
		};
/* End PBXResourcesBuildPhase section */

/* Begin PBXSourcesBuildPhase section */
		2A32C7641B0E1C6A004EFE7F /* Sources */ = {
			isa = PBXSourcesBuildPhase;
			buildActionMask = 2147483647;
			files = (
				2A32C7951B0EDDF3004EFE7F /* ViewController3.swift in Sources */,
				2AE660931B10AEE800CECBF9 /* ViewController6.swift in Sources */,
				2A32C76E1B0E1C6A004EFE7F /* AppDelegate.swift in Sources */,
				2AD7E0B31B11B3F7001CD83E /* GlobalData.swift in Sources */,
				2A6683241B23355100FFCC8A /* ViewController7.swift in Sources */,
				2AE660911B0F732700CECBF9 /* ViewController5.swift in Sources */,
			);
			runOnlyForDeploymentPostprocessing = 0;
		};
		2A32C7791B0E1C6A004EFE7F /* Sources */ = {
			isa = PBXSourcesBuildPhase;
			buildActionMask = 2147483647;
			files = (
				2A32C7841B0E1C6A004EFE7F /* archiveTextTests.swift in Sources */,
			);
			runOnlyForDeploymentPostprocessing = 0;
		};
/* End PBXSourcesBuildPhase section */

/* Begin PBXTargetDependency section */
		2A32C77F1B0E1C6A004EFE7F /* PBXTargetDependency */ = {
			isa = PBXTargetDependency;
			target = 2A32C7671B0E1C6A004EFE7F /* archiveText */;
			targetProxy = 2A32C77E1B0E1C6A004EFE7F /* PBXContainerItemProxy */;
		};
/* End PBXTargetDependency section */

/* Begin PBXVariantGroup section */
		2A168A781BAC626A0069AA04 /* Localizable.strings */ = {
			isa = PBXVariantGroup;
			children = (
				2A168A771BAC626A0069AA04 /* Base */,
				2A168A7B1BAC628D0069AA04 /* ja */,
			);
			name = Localizable.strings;
			sourceTree = "<group>";
		};
		2A168A801BAC64140069AA04 /* InfoPlist.strings */ = {
			isa = PBXVariantGroup;
			children = (
				2A168A7F1BAC64140069AA04 /* ja */,
			);
			name = InfoPlist.strings;
			sourceTree = "<group>";
		};
		2A32C7711B0E1C6A004EFE7F /* Main.storyboard */ = {
			isa = PBXVariantGroup;
			children = (
				2A32C7721B0E1C6A004EFE7F /* Base */,
				2A168A791BAC628D0069AA04 /* ja */,
			);
			name = Main.storyboard;
			sourceTree = "<group>";
		};
		2A32C7761B0E1C6A004EFE7F /* LaunchScreen.xib */ = {
			isa = PBXVariantGroup;
			children = (
				2A32C7771B0E1C6A004EFE7F /* Base */,
				2A168A7A1BAC628D0069AA04 /* ja */,
			);
			name = LaunchScreen.xib;
			sourceTree = "<group>";
		};
/* End PBXVariantGroup section */

/* Begin XCBuildConfiguration section */
		2A32C7851B0E1C6A004EFE7F /* Debug */ = {
			isa = XCBuildConfiguration;
			buildSettings = {
				ALWAYS_SEARCH_USER_PATHS = NO;
				CLANG_CXX_LANGUAGE_STANDARD = "gnu++0x";
				CLANG_CXX_LIBRARY = "libc++";
				CLANG_ENABLE_MODULES = YES;
				CLANG_ENABLE_OBJC_ARC = YES;
				CLANG_WARN_BOOL_CONVERSION = YES;
				CLANG_WARN_CONSTANT_CONVERSION = YES;
				CLANG_WARN_DIRECT_OBJC_ISA_USAGE = YES_ERROR;
				CLANG_WARN_EMPTY_BODY = YES;
				CLANG_WARN_ENUM_CONVERSION = YES;
				CLANG_WARN_INT_CONVERSION = YES;
				CLANG_WARN_OBJC_ROOT_CLASS = YES_ERROR;
				CLANG_WARN_UNREACHABLE_CODE = YES;
				CLANG_WARN__DUPLICATE_METHOD_MATCH = YES;
				CODE_SIGN_IDENTITY = "iPhone Distribution: Ryo Kurachi (7H3WV46MCH)";
				"CODE_SIGN_IDENTITY[sdk=iphoneos*]" = "iPhone Developer";
				COPY_PHASE_STRIP = NO;
				DEBUG_INFORMATION_FORMAT = "dwarf-with-dsym";
				ENABLE_STRICT_OBJC_MSGSEND = YES;
				ENABLE_TESTABILITY = YES;
				GCC_C_LANGUAGE_STANDARD = gnu99;
				GCC_DYNAMIC_NO_PIC = NO;
				GCC_NO_COMMON_BLOCKS = YES;
				GCC_OPTIMIZATION_LEVEL = 0;
				GCC_PREPROCESSOR_DEFINITIONS = (
					"DEBUG=1",
					"$(inherited)",
				);
				GCC_SYMBOLS_PRIVATE_EXTERN = NO;
				GCC_WARN_64_TO_32_BIT_CONVERSION = YES;
				GCC_WARN_ABOUT_RETURN_TYPE = YES_ERROR;
				GCC_WARN_UNDECLARED_SELECTOR = YES;
				GCC_WARN_UNINITIALIZED_AUTOS = YES_AGGRESSIVE;
				GCC_WARN_UNUSED_FUNCTION = YES;
				GCC_WARN_UNUSED_VARIABLE = YES;
				IPHONEOS_DEPLOYMENT_TARGET = 9.0;
				MTL_ENABLE_DEBUG_INFO = YES;
				ONLY_ACTIVE_ARCH = YES;
				PROVISIONING_PROFILE = "08c8b5af-247b-45e7-87fd-56b0261d1411";
				SDKROOT = iphoneos;
				SWIFT_OPTIMIZATION_LEVEL = "-Onone";
			};
			name = Debug;
		};
		2A32C7861B0E1C6A004EFE7F /* Release */ = {
			isa = XCBuildConfiguration;
			buildSettings = {
				ALWAYS_SEARCH_USER_PATHS = NO;
				CLANG_CXX_LANGUAGE_STANDARD = "gnu++0x";
				CLANG_CXX_LIBRARY = "libc++";
				CLANG_ENABLE_MODULES = YES;
				CLANG_ENABLE_OBJC_ARC = YES;
				CLANG_WARN_BOOL_CONVERSION = YES;
				CLANG_WARN_CONSTANT_CONVERSION = YES;
				CLANG_WARN_DIRECT_OBJC_ISA_USAGE = YES_ERROR;
				CLANG_WARN_EMPTY_BODY = YES;
				CLANG_WARN_ENUM_CONVERSION = YES;
				CLANG_WARN_INT_CONVERSION = YES;
				CLANG_WARN_OBJC_ROOT_CLASS = YES_ERROR;
				CLANG_WARN_UNREACHABLE_CODE = YES;
				CLANG_WARN__DUPLICATE_METHOD_MATCH = YES;
				CODE_SIGN_IDENTITY = "iPhone Distribution: Ryo Kurachi (7H3WV46MCH)";
				"CODE_SIGN_IDENTITY[sdk=iphoneos*]" = "iPhone Developer";
				COPY_PHASE_STRIP = NO;
				DEBUG_INFORMATION_FORMAT = "dwarf-with-dsym";
				ENABLE_NS_ASSERTIONS = NO;
				ENABLE_STRICT_OBJC_MSGSEND = YES;
				GCC_C_LANGUAGE_STANDARD = gnu99;
				GCC_NO_COMMON_BLOCKS = YES;
				GCC_WARN_64_TO_32_BIT_CONVERSION = YES;
				GCC_WARN_ABOUT_RETURN_TYPE = YES_ERROR;
				GCC_WARN_UNDECLARED_SELECTOR = YES;
				GCC_WARN_UNINITIALIZED_AUTOS = YES_AGGRESSIVE;
				GCC_WARN_UNUSED_FUNCTION = YES;
				GCC_WARN_UNUSED_VARIABLE = YES;
				IPHONEOS_DEPLOYMENT_TARGET = 9.0;
				MTL_ENABLE_DEBUG_INFO = NO;
				PROVISIONING_PROFILE = "08c8b5af-247b-45e7-87fd-56b0261d1411";
				SDKROOT = iphoneos;
				VALIDATE_PRODUCT = YES;
			};
			name = Release;
		};
		2A32C7881B0E1C6A004EFE7F /* Debug */ = {
			isa = XCBuildConfiguration;
			buildSettings = {
				ASSETCATALOG_COMPILER_APPICON_NAME = AppIcon;
				CODE_SIGN_IDENTITY = "iPhone Developer";
				"CODE_SIGN_IDENTITY[sdk=iphoneos*]" = "iPhone Developer";
				ENABLE_BITCODE = NO;
				"FRAMEWORK_SEARCH_PATHS[arch=*]" = /Users/ryo/Desktop/passwordManage2/SDKs;
				INFOPLIST_FILE = archiveText/Info.plist;
				IPHONEOS_DEPLOYMENT_TARGET = 9.0;
				LD_RUNPATH_SEARCH_PATHS = "$(inherited) @executable_path/Frameworks";
				PRODUCT_BUNDLE_IDENTIFIER = kura.passwordManager;
				PRODUCT_NAME = "$(TARGET_NAME)";
				PROVISIONING_PROFILE = "01a12615-96ab-436e-b6e6-a36b67e7f00e";
			};
			name = Debug;
		};
		2A32C7891B0E1C6A004EFE7F /* Release */ = {
			isa = XCBuildConfiguration;
			buildSettings = {
				ASSETCATALOG_COMPILER_APPICON_NAME = AppIcon;
				CODE_SIGN_IDENTITY = "iPhone Developer";
				"CODE_SIGN_IDENTITY[sdk=iphoneos*]" = "iPhone Developer";
				ENABLE_BITCODE = NO;
				"FRAMEWORK_SEARCH_PATHS[arch=*]" = /Users/ryo/Desktop/passwordManage2/SDKs;
				INFOPLIST_FILE = archiveText/Info.plist;
				IPHONEOS_DEPLOYMENT_TARGET = 9.0;
				LD_RUNPATH_SEARCH_PATHS = "$(inherited) @executable_path/Frameworks";
				PRODUCT_BUNDLE_IDENTIFIER = kura.passwordManager;
				PRODUCT_NAME = "$(TARGET_NAME)";
				PROVISIONING_PROFILE = "01a12615-96ab-436e-b6e6-a36b67e7f00e";
			};
			name = Release;
		};
		2A32C78B1B0E1C6A004EFE7F /* Debug */ = {
			isa = XCBuildConfiguration;
			buildSettings = {
				BUNDLE_LOADER = "$(TEST_HOST)";
				CODE_SIGN_IDENTITY = "iPhone Developer";
				"CODE_SIGN_IDENTITY[sdk=iphoneos*]" = "iPhone Developer";
				FRAMEWORK_SEARCH_PATHS = (
					"$(SDKROOT)/Developer/Library/Frameworks",
					"$(inherited)",
				);
				GCC_PREPROCESSOR_DEFINITIONS = (
					"DEBUG=1",
					"$(inherited)",
				);
				INFOPLIST_FILE = archiveTextTests/Info.plist;
				LD_RUNPATH_SEARCH_PATHS = "$(inherited) @executable_path/Frameworks @loader_path/Frameworks";
				PRODUCT_BUNDLE_IDENTIFIER = "kura.$(PRODUCT_NAME:rfc1034identifier)";
				PRODUCT_NAME = "$(TARGET_NAME)";
				PROVISIONING_PROFILE = "";
				TEST_HOST = "$(BUILT_PRODUCTS_DIR)/archiveText.app/archiveText";
			};
			name = Debug;
		};
		2A32C78C1B0E1C6A004EFE7F /* Release */ = {
			isa = XCBuildConfiguration;
			buildSettings = {
				BUNDLE_LOADER = "$(TEST_HOST)";
				CODE_SIGN_IDENTITY = "iPhone Developer";
				"CODE_SIGN_IDENTITY[sdk=iphoneos*]" = "iPhone Developer";
				FRAMEWORK_SEARCH_PATHS = (
					"$(SDKROOT)/Developer/Library/Frameworks",
					"$(inherited)",
				);
				INFOPLIST_FILE = archiveTextTests/Info.plist;
				LD_RUNPATH_SEARCH_PATHS = "$(inherited) @executable_path/Frameworks @loader_path/Frameworks";
				PRODUCT_BUNDLE_IDENTIFIER = "kura.$(PRODUCT_NAME:rfc1034identifier)";
				PRODUCT_NAME = "$(TARGET_NAME)";
				PROVISIONING_PROFILE = "";
				TEST_HOST = "$(BUILT_PRODUCTS_DIR)/archiveText.app/archiveText";
			};
			name = Release;
		};
/* End XCBuildConfiguration section */

/* Begin XCConfigurationList section */
		2A32C7631B0E1C6A004EFE7F /* Build configuration list for PBXProject "archiveText" */ = {
			isa = XCConfigurationList;
			buildConfigurations = (
				2A32C7851B0E1C6A004EFE7F /* Debug */,
				2A32C7861B0E1C6A004EFE7F /* Release */,
			);
			defaultConfigurationIsVisible = 0;
			defaultConfigurationName = Release;
		};
		2A32C7871B0E1C6A004EFE7F /* Build configuration list for PBXNativeTarget "archiveText" */ = {
			isa = XCConfigurationList;
			buildConfigurations = (
				2A32C7881B0E1C6A004EFE7F /* Debug */,
				2A32C7891B0E1C6A004EFE7F /* Release */,
			);
			defaultConfigurationIsVisible = 0;
			defaultConfigurationName = Release;
		};
		2A32C78A1B0E1C6A004EFE7F /* Build configuration list for PBXNativeTarget "archiveTextTests" */ = {
			isa = XCConfigurationList;
			buildConfigurations = (
				2A32C78B1B0E1C6A004EFE7F /* Debug */,
				2A32C78C1B0E1C6A004EFE7F /* Release */,
			);
			defaultConfigurationIsVisible = 0;
			defaultConfigurationName = Release;
		};
/* End XCConfigurationList section */
	};
	rootObject = 2A32C7601B0E1C6A004EFE7F /* Project object */;
}
